// !$*UTF8*$!
{
	archiveVersion = 1;
	classes = {
	};
	objectVersion = 46;
	objects = {

/* Begin PBXBuildFile section */
		342F1DAA1AA36E9100B01ABB /* PatientListTableViewController.swift in Sources */ = {isa = PBXBuildFile; fileRef = 342F1DA91AA36E9100B01ABB /* PatientListTableViewController.swift */; };
		3434BF2A1A8BCF1800255A78 /* Patient.m in Sources */ = {isa = PBXBuildFile; fileRef = 3434BF291A8BCF1800255A78 /* Patient.m */; };
		3434BF2D1A8BCF1900255A78 /* Operation.m in Sources */ = {isa = PBXBuildFile; fileRef = 3434BF2C1A8BCF1900255A78 /* Operation.m */; };
		34843D8D1A8B93EC0089DFBF /* AppDelegate.swift in Sources */ = {isa = PBXBuildFile; fileRef = 34843D8C1A8B93EC0089DFBF /* AppDelegate.swift */; };
		34843D901A8B93EC0089DFBF /* HUSApp.xcdatamodeld in Sources */ = {isa = PBXBuildFile; fileRef = 34843D8E1A8B93EC0089DFBF /* HUSApp.xcdatamodeld */; };
		34843D921A8B93EC0089DFBF /* ViewController.swift in Sources */ = {isa = PBXBuildFile; fileRef = 34843D911A8B93EC0089DFBF /* ViewController.swift */; };
		34843D951A8B93ED0089DFBF /* Main.storyboard in Resources */ = {isa = PBXBuildFile; fileRef = 34843D931A8B93ED0089DFBF /* Main.storyboard */; };
		34843D971A8B93ED0089DFBF /* Images.xcassets in Resources */ = {isa = PBXBuildFile; fileRef = 34843D961A8B93ED0089DFBF /* Images.xcassets */; };
		34843D9A1A8B93ED0089DFBF /* LaunchScreen.xib in Resources */ = {isa = PBXBuildFile; fileRef = 34843D981A8B93ED0089DFBF /* LaunchScreen.xib */; };
		34843DA61A8B93ED0089DFBF /* app_development_projectTests.swift in Sources */ = {isa = PBXBuildFile; fileRef = 34843DA51A8B93ED0089DFBF /* app_development_projectTests.swift */; };
/* End PBXBuildFile section */

/* Begin PBXContainerItemProxy section */
		34843DA01A8B93ED0089DFBF /* PBXContainerItemProxy */ = {
			isa = PBXContainerItemProxy;
			containerPortal = 34843D7F1A8B93EC0089DFBF /* Project object */;
			proxyType = 1;
			remoteGlobalIDString = 34843D861A8B93EC0089DFBF;
			remoteInfo = "app development project";
		};
/* End PBXContainerItemProxy section */

/* Begin PBXFileReference section */
		342F1DA91AA36E9100B01ABB /* PatientListTableViewController.swift */ = {isa = PBXFileReference; fileEncoding = 4; lastKnownFileType = sourcecode.swift; path = PatientListTableViewController.swift; sourceTree = "<group>"; };
		3434BF271A8BCF1800255A78 /* HUSApp-Bridging-Header.h */ = {isa = PBXFileReference; lastKnownFileType = sourcecode.c.h; path = "HUSApp-Bridging-Header.h"; sourceTree = "<group>"; };
		3434BF281A8BCF1800255A78 /* Patient.h */ = {isa = PBXFileReference; fileEncoding = 4; lastKnownFileType = sourcecode.c.h; path = Patient.h; sourceTree = "<group>"; };
		3434BF291A8BCF1800255A78 /* Patient.m */ = {isa = PBXFileReference; fileEncoding = 4; lastKnownFileType = sourcecode.c.objc; path = Patient.m; sourceTree = "<group>"; };
		3434BF2B1A8BCF1900255A78 /* Operation.h */ = {isa = PBXFileReference; fileEncoding = 4; lastKnownFileType = sourcecode.c.h; path = Operation.h; sourceTree = "<group>"; };
		3434BF2C1A8BCF1900255A78 /* Operation.m */ = {isa = PBXFileReference; fileEncoding = 4; lastKnownFileType = sourcecode.c.objc; path = Operation.m; sourceTree = "<group>"; };
		34843D871A8B93EC0089DFBF /* HUSApp.temp_caseinsensitive_rename.app */ = {isa = PBXFileReference; explicitFileType = wrapper.application; includeInIndex = 0; path = HUSApp.temp_caseinsensitive_rename.app; sourceTree = BUILT_PRODUCTS_DIR; };
		34843D8B1A8B93EC0089DFBF /* Info.plist */ = {isa = PBXFileReference; lastKnownFileType = text.plist.xml; path = Info.plist; sourceTree = "<group>"; };
		34843D8C1A8B93EC0089DFBF /* AppDelegate.swift */ = {isa = PBXFileReference; lastKnownFileType = sourcecode.swift; path = AppDelegate.swift; sourceTree = "<group>"; };
		34843D8F1A8B93EC0089DFBF /* HUSApp.xcdatamodel */ = {isa = PBXFileReference; lastKnownFileType = wrapper.xcdatamodel; path = HUSApp.xcdatamodel; sourceTree = "<group>"; };
		34843D911A8B93EC0089DFBF /* ViewController.swift */ = {isa = PBXFileReference; lastKnownFileType = sourcecode.swift; path = ViewController.swift; sourceTree = "<group>"; };
		34843D941A8B93ED0089DFBF /* Base */ = {isa = PBXFileReference; lastKnownFileType = file.storyboard; name = Base; path = Base.lproj/Main.storyboard; sourceTree = "<group>"; };
		34843D961A8B93ED0089DFBF /* Images.xcassets */ = {isa = PBXFileReference; lastKnownFileType = folder.assetcatalog; path = Images.xcassets; sourceTree = "<group>"; };
		34843D991A8B93ED0089DFBF /* Base */ = {isa = PBXFileReference; lastKnownFileType = file.xib; name = Base; path = Base.lproj/LaunchScreen.xib; sourceTree = "<group>"; };
		34843D9F1A8B93ED0089DFBF /* HUSApp.temp_caseinsensitive_renameTests.xctest */ = {isa = PBXFileReference; explicitFileType = wrapper.cfbundle; includeInIndex = 0; path = HUSApp.temp_caseinsensitive_renameTests.xctest; sourceTree = BUILT_PRODUCTS_DIR; };
		34843DA41A8B93ED0089DFBF /* Info.plist */ = {isa = PBXFileReference; lastKnownFileType = text.plist.xml; path = Info.plist; sourceTree = "<group>"; };
		34843DA51A8B93ED0089DFBF /* app_development_projectTests.swift */ = {isa = PBXFileReference; lastKnownFileType = sourcecode.swift; path = app_development_projectTests.swift; sourceTree = "<group>"; };
/* End PBXFileReference section */

/* Begin PBXFrameworksBuildPhase section */
		34843D841A8B93EC0089DFBF /* Frameworks */ = {
			isa = PBXFrameworksBuildPhase;
			buildActionMask = 2147483647;
			files = (
			);
			runOnlyForDeploymentPostprocessing = 0;
		};
		34843D9C1A8B93ED0089DFBF /* Frameworks */ = {
			isa = PBXFrameworksBuildPhase;
			buildActionMask = 2147483647;
			files = (
			);
			runOnlyForDeploymentPostprocessing = 0;
		};
/* End PBXFrameworksBuildPhase section */

/* Begin PBXGroup section */
		34843D7E1A8B93EC0089DFBF = {
			isa = PBXGroup;
			children = (
				34843D891A8B93EC0089DFBF /* HUSApp */,
				34843DA21A8B93ED0089DFBF /* HUSApp projectTests */,
				34843D881A8B93EC0089DFBF /* Products */,
			);
			sourceTree = "<group>";
		};
		34843D881A8B93EC0089DFBF /* Products */ = {
			isa = PBXGroup;
			children = (
				34843D871A8B93EC0089DFBF /* HUSApp.temp_caseinsensitive_rename.app */,
				34843D9F1A8B93ED0089DFBF /* HUSApp.temp_caseinsensitive_renameTests.xctest */,
			);
			name = Products;
			sourceTree = "<group>";
		};
		34843D891A8B93EC0089DFBF /* HUSApp */ = {
			isa = PBXGroup;
			children = (
				34843D8C1A8B93EC0089DFBF /* AppDelegate.swift */,
				34843D911A8B93EC0089DFBF /* ViewController.swift */,
				34843D931A8B93ED0089DFBF /* Main.storyboard */,
				342F1DA91AA36E9100B01ABB /* PatientListTableViewController.swift */,
				34843D961A8B93ED0089DFBF /* Images.xcassets */,
				34843D981A8B93ED0089DFBF /* LaunchScreen.xib */,
				34843D8E1A8B93EC0089DFBF /* HUSApp.xcdatamodeld */,
				3434BF2B1A8BCF1900255A78 /* Operation.h */,
				3434BF2C1A8BCF1900255A78 /* Operation.m */,
				3434BF281A8BCF1800255A78 /* Patient.h */,
				3434BF291A8BCF1800255A78 /* Patient.m */,
				34843D8A1A8B93EC0089DFBF /* Supporting Files */,
				3434BF271A8BCF1800255A78 /* HUSApp-Bridging-Header.h */,
			);
			name = HUSApp;
			path = "app development project";
			sourceTree = "<group>";
		};
		34843D8A1A8B93EC0089DFBF /* Supporting Files */ = {
			isa = PBXGroup;
			children = (
				34843D8B1A8B93EC0089DFBF /* Info.plist */,
			);
			name = "Supporting Files";
			sourceTree = "<group>";
		};
		34843DA21A8B93ED0089DFBF /* HUSApp projectTests */ = {
			isa = PBXGroup;
			children = (
				34843DA51A8B93ED0089DFBF /* app_development_projectTests.swift */,
				34843DA31A8B93ED0089DFBF /* Supporting Files */,
			);
			name = "HUSApp projectTests";
			path = "app development projectTests";
			sourceTree = "<group>";
		};
		34843DA31A8B93ED0089DFBF /* Supporting Files */ = {
			isa = PBXGroup;
			children = (
				34843DA41A8B93ED0089DFBF /* Info.plist */,
			);
			name = "Supporting Files";
			sourceTree = "<group>";
		};
/* End PBXGroup section */

/* Begin PBXNativeTarget section */
		34843D861A8B93EC0089DFBF /* HUSApp.temp_caseinsensitive_rename */ = {
			isa = PBXNativeTarget;
			buildConfigurationList = 34843DA91A8B93ED0089DFBF /* Build configuration list for PBXNativeTarget "HUSApp.temp_caseinsensitive_rename" */;
			buildPhases = (
				34843D831A8B93EC0089DFBF /* Sources */,
				34843D841A8B93EC0089DFBF /* Frameworks */,
				34843D851A8B93EC0089DFBF /* Resources */,
			);
			buildRules = (
			);
			dependencies = (
			);
			name = HUSApp.temp_caseinsensitive_rename;
			productName = "app development project";
			productReference = 34843D871A8B93EC0089DFBF /* HUSApp.temp_caseinsensitive_rename.app */;
			productType = "com.apple.product-type.application";
		};
		34843D9E1A8B93ED0089DFBF /* HUSApp.temp_caseinsensitive_renameTests */ = {
			isa = PBXNativeTarget;
			buildConfigurationList = 34843DAC1A8B93ED0089DFBF /* Build configuration list for PBXNativeTarget "HUSApp.temp_caseinsensitive_renameTests" */;
			buildPhases = (
				34843D9B1A8B93ED0089DFBF /* Sources */,
				34843D9C1A8B93ED0089DFBF /* Frameworks */,
				34843D9D1A8B93ED0089DFBF /* Resources */,
			);
			buildRules = (
			);
			dependencies = (
				34843DA11A8B93ED0089DFBF /* PBXTargetDependency */,
			);
			name = HUSApp.temp_caseinsensitive_renameTests;
			productName = "app development projectTests";
			productReference = 34843D9F1A8B93ED0089DFBF /* HUSApp.temp_caseinsensitive_renameTests.xctest */;
			productType = "com.apple.product-type.bundle.unit-test";
		};
/* End PBXNativeTarget section */

/* Begin PBXProject section */
		34843D7F1A8B93EC0089DFBF /* Project object */ = {
			isa = PBXProject;
			attributes = {
				LastUpgradeCheck = 0610;
				ORGANIZATIONNAME = a;
				TargetAttributes = {
					34843D861A8B93EC0089DFBF = {
						CreatedOnToolsVersion = 6.1.1;
					};
					34843D9E1A8B93ED0089DFBF = {
						CreatedOnToolsVersion = 6.1.1;
						TestTargetID = 34843D861A8B93EC0089DFBF;
					};
				};
			};
			buildConfigurationList = 34843D821A8B93EC0089DFBF /* Build configuration list for PBXProject "HUSApp" */;
			compatibilityVersion = "Xcode 3.2";
			developmentRegion = English;
			hasScannedForEncodings = 0;
			knownRegions = (
				en,
				Base,
			);
			mainGroup = 34843D7E1A8B93EC0089DFBF;
			productRefGroup = 34843D881A8B93EC0089DFBF /* Products */;
			projectDirPath = "";
			projectRoot = "";
			targets = (
				34843D861A8B93EC0089DFBF /* HUSApp.temp_caseinsensitive_rename */,
				34843D9E1A8B93ED0089DFBF /* HUSApp.temp_caseinsensitive_renameTests */,
			);
		};
/* End PBXProject section */

/* Begin PBXResourcesBuildPhase section */
		34843D851A8B93EC0089DFBF /* Resources */ = {
			isa = PBXResourcesBuildPhase;
			buildActionMask = 2147483647;
			files = (
				34843D951A8B93ED0089DFBF /* Main.storyboard in Resources */,
				34843D9A1A8B93ED0089DFBF /* LaunchScreen.xib in Resources */,
				34843D971A8B93ED0089DFBF /* Images.xcassets in Resources */,
			);
			runOnlyForDeploymentPostprocessing = 0;
		};
		34843D9D1A8B93ED0089DFBF /* Resources */ = {
			isa = PBXResourcesBuildPhase;
			buildActionMask = 2147483647;
			files = (
			);
			runOnlyForDeploymentPostprocessing = 0;
		};
/* End PBXResourcesBuildPhase section */

/* Begin PBXSourcesBuildPhase section */
		34843D831A8B93EC0089DFBF /* Sources */ = {
			isa = PBXSourcesBuildPhase;
			buildActionMask = 2147483647;
			files = (
				34843D921A8B93EC0089DFBF /* ViewController.swift in Sources */,
				3434BF2A1A8BCF1800255A78 /* Patient.m in Sources */,
				3434BF2D1A8BCF1900255A78 /* Operation.m in Sources */,
				342F1DAA1AA36E9100B01ABB /* PatientListTableViewController.swift in Sources */,
				34843D8D1A8B93EC0089DFBF /* AppDelegate.swift in Sources */,
				34843D901A8B93EC0089DFBF /* HUSApp.xcdatamodeld in Sources */,
			);
			runOnlyForDeploymentPostprocessing = 0;
		};
		34843D9B1A8B93ED0089DFBF /* Sources */ = {
			isa = PBXSourcesBuildPhase;
			buildActionMask = 2147483647;
			files = (
				34843DA61A8B93ED0089DFBF /* app_development_projectTests.swift in Sources */,
			);
			runOnlyForDeploymentPostprocessing = 0;
		};
/* End PBXSourcesBuildPhase section */

/* Begin PBXTargetDependency section */
		34843DA11A8B93ED0089DFBF /* PBXTargetDependency */ = {
			isa = PBXTargetDependency;
			target = 34843D861A8B93EC0089DFBF /* HUSApp.temp_caseinsensitive_rename */;
			targetProxy = 34843DA01A8B93ED0089DFBF /* PBXContainerItemProxy */;
		};
/* End PBXTargetDependency section */

/* Begin PBXVariantGroup section */
		34843D931A8B93ED0089DFBF /* Main.storyboard */ = {
			isa = PBXVariantGroup;
			children = (
				34843D941A8B93ED0089DFBF /* Base */,
			);
			name = Main.storyboard;
			sourceTree = "<group>";
		};
		34843D981A8B93ED0089DFBF /* LaunchScreen.xib */ = {
			isa = PBXVariantGroup;
			children = (
				34843D991A8B93ED0089DFBF /* Base */,
			);
			name = LaunchScreen.xib;
			sourceTree = "<group>";
		};
/* End PBXVariantGroup section */

/* Begin XCBuildConfiguration section */
		34843DA71A8B93ED0089DFBF /* Debug */ = {
			isa = XCBuildConfiguration;
			buildSettings = {
				ALWAYS_SEARCH_USER_PATHS = NO;
				CLANG_CXX_LANGUAGE_STANDARD = "gnu++0x";
				CLANG_CXX_LIBRARY = "libc++";
				CLANG_ENABLE_MODULES = YES;
				CLANG_ENABLE_OBJC_ARC = YES;
				CLANG_WARN_BOOL_CONVERSION = YES;
				CLANG_WARN_CONSTANT_CONVERSION = YES;
				CLANG_WARN_DIRECT_OBJC_ISA_USAGE = YES_ERROR;
				CLANG_WARN_EMPTY_BODY = YES;
				CLANG_WARN_ENUM_CONVERSION = YES;
				CLANG_WARN_INT_CONVERSION = YES;
				CLANG_WARN_OBJC_ROOT_CLASS = YES_ERROR;
				CLANG_WARN_UNREACHABLE_CODE = YES;
				CLANG_WARN__DUPLICATE_METHOD_MATCH = YES;
				"CODE_SIGN_IDENTITY[sdk=iphoneos*]" = "iPhone Developer";
				COPY_PHASE_STRIP = NO;
				ENABLE_STRICT_OBJC_MSGSEND = YES;
				GCC_C_LANGUAGE_STANDARD = gnu99;
				GCC_DYNAMIC_NO_PIC = NO;
				GCC_OPTIMIZATION_LEVEL = 0;
				GCC_PREPROCESSOR_DEFINITIONS = (
					"DEBUG=1",
					"$(inherited)",
				);
				GCC_SYMBOLS_PRIVATE_EXTERN = NO;
				GCC_WARN_64_TO_32_BIT_CONVERSION = YES;
				GCC_WARN_ABOUT_RETURN_TYPE = YES_ERROR;
				GCC_WARN_UNDECLARED_SELECTOR = YES;
				GCC_WARN_UNINITIALIZED_AUTOS = YES_AGGRESSIVE;
				GCC_WARN_UNUSED_FUNCTION = YES;
				GCC_WARN_UNUSED_VARIABLE = YES;
				IPHONEOS_DEPLOYMENT_TARGET = 8.1;
				MTL_ENABLE_DEBUG_INFO = YES;
				ONLY_ACTIVE_ARCH = YES;
				SDKROOT = iphoneos;
				SWIFT_OPTIMIZATION_LEVEL = "-Onone";
			};
			name = Debug;
		};
		34843DA81A8B93ED0089DFBF /* Release */ = {
			isa = XCBuildConfiguration;
			buildSettings = {
				ALWAYS_SEARCH_USER_PATHS = NO;
				CLANG_CXX_LANGUAGE_STANDARD = "gnu++0x";
				CLANG_CXX_LIBRARY = "libc++";
				CLANG_ENABLE_MODULES = YES;
				CLANG_ENABLE_OBJC_ARC = YES;
				CLANG_WARN_BOOL_CONVERSION = YES;
				CLANG_WARN_CONSTANT_CONVERSION = YES;
				CLANG_WARN_DIRECT_OBJC_ISA_USAGE = YES_ERROR;
				CLANG_WARN_EMPTY_BODY = YES;
				CLANG_WARN_ENUM_CONVERSION = YES;
				CLANG_WARN_INT_CONVERSION = YES;
				CLANG_WARN_OBJC_ROOT_CLASS = YES_ERROR;
				CLANG_WARN_UNREACHABLE_CODE = YES;
				CLANG_WARN__DUPLICATE_METHOD_MATCH = YES;
				"CODE_SIGN_IDENTITY[sdk=iphoneos*]" = "iPhone Developer";
				COPY_PHASE_STRIP = YES;
				ENABLE_NS_ASSERTIONS = NO;
				ENABLE_STRICT_OBJC_MSGSEND = YES;
				GCC_C_LANGUAGE_STANDARD = gnu99;
				GCC_WARN_64_TO_32_BIT_CONVERSION = YES;
				GCC_WARN_ABOUT_RETURN_TYPE = YES_ERROR;
				GCC_WARN_UNDECLARED_SELECTOR = YES;
				GCC_WARN_UNINITIALIZED_AUTOS = YES_AGGRESSIVE;
				GCC_WARN_UNUSED_FUNCTION = YES;
				GCC_WARN_UNUSED_VARIABLE = YES;
				IPHONEOS_DEPLOYMENT_TARGET = 8.1;
				MTL_ENABLE_DEBUG_INFO = NO;
				SDKROOT = iphoneos;
				VALIDATE_PRODUCT = YES;
			};
			name = Release;
		};
		34843DAA1A8B93ED0089DFBF /* Debug */ = {
			isa = XCBuildConfiguration;
			buildSettings = {
				ASSETCATALOG_COMPILER_APPICON_NAME = AppIcon;
				CLANG_ENABLE_MODULES = YES;
				INFOPLIST_FILE = "app development project/Info.plist";
				LD_RUNPATH_SEARCH_PATHS = "$(inherited) @executable_path/Frameworks";
				PRODUCT_NAME = HUSApp.temp_caseinsensitive_rename;
				SWIFT_OBJC_BRIDGING_HEADER = "app development project/app development project-Bridging-Header.h";
				SWIFT_OPTIMIZATION_LEVEL = "-Onone";
			};
			name = Debug;
		};
		34843DAB1A8B93ED0089DFBF /* Release */ = {
			isa = XCBuildConfiguration;
			buildSettings = {
				ASSETCATALOG_COMPILER_APPICON_NAME = AppIcon;
				CLANG_ENABLE_MODULES = YES;
				INFOPLIST_FILE = "app development project/Info.plist";
				LD_RUNPATH_SEARCH_PATHS = "$(inherited) @executable_path/Frameworks";
				PRODUCT_NAME = HUSApp.temp_caseinsensitive_rename;
				SWIFT_OBJC_BRIDGING_HEADER = "app development project/app development project-Bridging-Header.h";
			};
			name = Release;
		};
		34843DAD1A8B93ED0089DFBF /* Debug */ = {
			isa = XCBuildConfiguration;
			buildSettings = {
				BUNDLE_LOADER = "$(TEST_HOST)";
				FRAMEWORK_SEARCH_PATHS = (
					"$(SDKROOT)/Developer/Library/Frameworks",
					"$(inherited)",
				);
				GCC_PREPROCESSOR_DEFINITIONS = (
					"DEBUG=1",
					"$(inherited)",
				);
				INFOPLIST_FILE = "app development projectTests/Info.plist";
				LD_RUNPATH_SEARCH_PATHS = "$(inherited) @executable_path/Frameworks @loader_path/Frameworks";
				PRODUCT_NAME = HUSApp.temp_caseinsensitive_renameTests;
				TEST_HOST = "$(BUILT_PRODUCTS_DIR)/app development project.app/app development project";
			};
			name = Debug;
		};
		34843DAE1A8B93ED0089DFBF /* Release */ = {
			isa = XCBuildConfiguration;
			buildSettings = {
				BUNDLE_LOADER = "$(TEST_HOST)";
				FRAMEWORK_SEARCH_PATHS = (
					"$(SDKROOT)/Developer/Library/Frameworks",
					"$(inherited)",
				);
				INFOPLIST_FILE = "app development projectTests/Info.plist";
				LD_RUNPATH_SEARCH_PATHS = "$(inherited) @executable_path/Frameworks @loader_path/Frameworks";
				PRODUCT_NAME = HUSApp.temp_caseinsensitive_renameTests;
				TEST_HOST = "$(BUILT_PRODUCTS_DIR)/app development project.app/app development project";
			};
			name = Release;
		};
/* End XCBuildConfiguration section */

/* Begin XCConfigurationList section */
		34843D821A8B93EC0089DFBF /* Build configuration list for PBXProject "HUSApp" */ = {
			isa = XCConfigurationList;
			buildConfigurations = (
				34843DA71A8B93ED0089DFBF /* Debug */,
				34843DA81A8B93ED0089DFBF /* Release */,
			);
			defaultConfigurationIsVisible = 0;
			defaultConfigurationName = Release;
		};
		34843DA91A8B93ED0089DFBF /* Build configuration list for PBXNativeTarget "HUSApp.temp_caseinsensitive_rename" */ = {
			isa = XCConfigurationList;
			buildConfigurations = (
				34843DAA1A8B93ED0089DFBF /* Debug */,
				34843DAB1A8B93ED0089DFBF /* Release */,
			);
			defaultConfigurationIsVisible = 0;
			defaultConfigurationName = Release;
		};
		34843DAC1A8B93ED0089DFBF /* Build configuration list for PBXNativeTarget "HUSApp.temp_caseinsensitive_renameTests" */ = {
			isa = XCConfigurationList;
			buildConfigurations = (
				34843DAD1A8B93ED0089DFBF /* Debug */,
				34843DAE1A8B93ED0089DFBF /* Release */,
			);
			defaultConfigurationIsVisible = 0;
			defaultConfigurationName = Release;
		};
/* End XCConfigurationList section */

/* Begin XCVersionGroup section */
		34843D8E1A8B93EC0089DFBF /* HUSApp.xcdatamodeld */ = {
			isa = XCVersionGroup;
			children = (
				34843D8F1A8B93EC0089DFBF /* HUSApp.xcdatamodel */,
			);
			currentVersion = 34843D8F1A8B93EC0089DFBF /* HUSApp.xcdatamodel */;
			path = HUSApp.xcdatamodeld;
			sourceTree = "<group>";
			versionGroupType = wrapper.xcdatamodel;
		};
/* End XCVersionGroup section */
	};
	rootObject = 34843D7F1A8B93EC0089DFBF /* Project object */;
}
